# This file is generated by running "yarn install" inside your project.
# Manual changes might be lost - proceed with caution!

__metadata:
  version: 3

"@babel/code-frame@npm:^7.0.0, @babel/code-frame@npm:^7.5.5":
  version: 7.5.5
  resolution: "@babel/code-frame@npm:7.5.5"
  dependencies:
    "@babel/highlight": "npm:^7.0.0"
  checksum: 551cba5f44acd781f3dd96ce52c7477130ab30364d67cf738a6b35917bde64300b9be8efad1c068405ad7bd92197647214df5292cf8b51272af9fab59141ccc0
  languageName: node
  linkType: hard

"@babel/generator@npm:^7.6.2, @babel/generator@npm:^7.6.3":
  version: 7.6.4
  resolution: "@babel/generator@npm:7.6.4"
  dependencies:
    "@babel/types": "npm:^7.6.3"
    jsesc: "npm:^2.5.1"
    lodash: "npm:^4.17.13"
    source-map: "npm:^0.5.0"
  checksum: f0559fc010ba07e155a01a80f010ade8d439869a4e714d7e39eaabeb201f23c6f6af67acfb789c7f84b61f44b36176eb70b04e349009d2d2a9df634ce70324f5
  languageName: node
  linkType: hard

"@babel/helper-function-name@npm:^7.1.0":
  version: 7.1.0
  resolution: "@babel/helper-function-name@npm:7.1.0"
  dependencies:
    "@babel/helper-get-function-arity": "npm:^7.0.0"
    "@babel/template": "npm:^7.1.0"
    "@babel/types": "npm:^7.0.0"
  checksum: e4ba348d80fad729262daca7967389f99aff6b641fcbea33e18c40979694fc9ea216644211bec41acc180bae35b181798ca518b40feb562aa48f73ffedbf7710
  languageName: node
  linkType: hard

"@babel/helper-get-function-arity@npm:^7.0.0":
  version: 7.0.0
  resolution: "@babel/helper-get-function-arity@npm:7.0.0"
  dependencies:
    "@babel/types": "npm:^7.0.0"
  checksum: ad8d5099b6144225d639f47b1650a639dc7b6504814e7caf4ef46af72a88003013bea33eda368e198598b4a2a7e9e3c7131bf972db908517dfc54a7ca55d6202
  languageName: node
  linkType: hard

"@babel/helper-split-export-declaration@npm:^7.4.4":
  version: 7.4.4
  resolution: "@babel/helper-split-export-declaration@npm:7.4.4"
  dependencies:
    "@babel/types": "npm:^7.4.4"
  checksum: 5075f7266bf85b0b6fa27521363f9bac97e9d7842b10f20d8e4f0ba17ffb11fefe5a272f45dc17db4339cbb84e4b8c501bad9a2bfd392c7d86f1d52e92b4727a
  languageName: node
  linkType: hard

"@babel/highlight@npm:^7.0.0":
  version: 7.5.0
  resolution: "@babel/highlight@npm:7.5.0"
  dependencies:
    chalk: "npm:^2.0.0"
    esutils: "npm:^2.0.2"
    js-tokens: "npm:^4.0.0"
  checksum: 243061e70d8788a4379bc07ce546beca8c58aa789c2bee4e2147700df0ed89ae475cc634ebe4071f0bdabbaa56f8bc9b2b35158ce8a9dc45241db8e89c311aa6
  languageName: node
  linkType: hard

"@babel/parser@npm:^7.6.0, @babel/parser@npm:^7.6.2, @babel/parser@npm:^7.6.3":
  version: 7.6.4
  resolution: "@babel/parser@npm:7.6.4"
  bin:
    parser: ./bin/babel-parser.js
  checksum: 6d59c845f26603caf83a3a911666b3984637010f1eaef654b9772f546bcf94b5eebdd3ab07089197cc3a6eb2ab49ddde8c61282b027c12b3e187448e4756a05a
  languageName: node
  linkType: hard

"@babel/template@npm:^7.1.0, @babel/template@npm:^7.6.0":
  version: 7.6.0
  resolution: "@babel/template@npm:7.6.0"
  dependencies:
    "@babel/code-frame": "npm:^7.0.0"
    "@babel/parser": "npm:^7.6.0"
    "@babel/types": "npm:^7.6.0"
  checksum: bdd574cca1c67164e494e0c3848018fb4f9445aa0ae4f7442690667093c4e4b8fcb74dae92bc9e0f59333fd6dbfe02eb47b1c4d3bd64122627e8f2414552f206
  languageName: node
  linkType: hard

"@babel/traverse@npm:^7.6.2":
  version: 7.6.3
  resolution: "@babel/traverse@npm:7.6.3"
  dependencies:
    "@babel/code-frame": "npm:^7.5.5"
    "@babel/generator": "npm:^7.6.3"
    "@babel/helper-function-name": "npm:^7.1.0"
    "@babel/helper-split-export-declaration": "npm:^7.4.4"
    "@babel/parser": "npm:^7.6.3"
    "@babel/types": "npm:^7.6.3"
    debug: "npm:^4.1.0"
    globals: "npm:^11.1.0"
    lodash: "npm:^4.17.13"
  checksum: f217e1b929b20198d43af0d88e1d13c38a869e9c4edd824f6cb1607f0ca8c17b7df68722f5c72b89191fb40f2b0356121314a7d6d67e05f93c32f8271daf54e6
  languageName: node
  linkType: hard

"@babel/types@npm:^7.0.0, @babel/types@npm:^7.4.4, @babel/types@npm:^7.6.0, @babel/types@npm:^7.6.1, @babel/types@npm:^7.6.3":
  version: 7.6.3
  resolution: "@babel/types@npm:7.6.3"
  dependencies:
    esutils: "npm:^2.0.2"
    lodash: "npm:^4.17.13"
    to-fast-properties: "npm:^2.0.0"
  checksum: 1a5c3715e72f85bd4efc4ed040d0ebceba55da03d9401c258d1941df454d4a7edd1383e085fb36acac063efccd9dbfd7e17e5d0f55e9f1d21cbd3e3d8f49656a
  languageName: node
  linkType: hard

"@istanbuljs/load-nyc-config@npm:^1.0.0-alpha.1":
  version: 1.0.0-alpha.1
  resolution: "@istanbuljs/load-nyc-config@npm:1.0.0-alpha.1"
  dependencies:
    camelcase: "npm:^5.3.1"
    find-up: "npm:^4.1.0"
    js-yaml: "npm:^3.13.1"
    resolve-from: "npm:^5.0.0"
  checksum: 735c4180891c79a3914b9bee0b900496c889ae749c8f43dbca4d636a97647ddbb556bc867f927b600b8effc7cad2c54a45ead47b9760629c75f18f37d0ed8659
  languageName: node
  linkType: hard

"@istanbuljs/schema@npm:^0.1.0, @istanbuljs/schema@npm:^0.1.1":
  version: 0.1.1
  resolution: "@istanbuljs/schema@npm:0.1.1"
  checksum: b7376b056788507281661b4f9119b3c0cda620ce8cff7a46a6a44646c96bcdd4ad99bd5925a746af12a89cbdd500541e65df88f521e4b4914705d2206c8fda6c
  languageName: node
  linkType: hard

"aggregate-error@npm:^3.0.0":
  version: 3.0.1
  resolution: "aggregate-error@npm:3.0.1"
  dependencies:
    clean-stack: "npm:^2.0.0"
    indent-string: "npm:^4.0.0"
  checksum: 46d703304263fb804b3040d2128800e21a765ad6e543cb33c46ff9c317598889e22ee3ebb2b0297bf935c8bb2c190f01aa000dab5557b8e859b0eef765668288
  languageName: node
  linkType: hard

"ansi-regex@npm:^4.1.0":
  version: 4.1.0
  resolution: "ansi-regex@npm:4.1.0"
  checksum: 9de38b55c876c42f26000de67fc4c8735998f79679ba93bda3854a9cbcf27abfcb2c4e2041125497ceabdb75f3a9147a40471de5e33b4dcff2125513b6d94d32
  languageName: node
  linkType: hard

"ansi-styles@npm:^3.2.0, ansi-styles@npm:^3.2.1":
  version: 3.2.1
  resolution: "ansi-styles@npm:3.2.1"
  dependencies:
    color-convert: "npm:^1.9.0"
  checksum: 6f99bc6ac278aa5c51543d30aeaeab2b6c3de468d1a23504c1e818283680d0f310bb49a59162bc1b0b81e9b5f2dfa60326791a02b82e5d7cf6803e5b922ea142
  languageName: node
  linkType: hard

"append-transform@npm:^2.0.0":
  version: 2.0.0
  resolution: "append-transform@npm:2.0.0"
  dependencies:
    default-require-extensions: "npm:^3.0.0"
  checksum: 2841634843df39d7cb2dca57ada14c3292330022c9a06ddc6ece46311599b9d3f2677abb6b15ae1b8c3fcdba46049c9c730bb8af7fda0075cae1c0dc2cd593df
  languageName: node
  linkType: hard

"archy@npm:^1.0.0":
  version: 1.0.0
  resolution: "archy@npm:1.0.0"
  checksum: af9ee3cbee04890072bcec8e3d18942c8cf7bf4bed2dc56bd321b04d048e38b3cf1ee2e411eda5794f71eb087b921c8e284f4716914239b3b5ec6927778dd192
  languageName: node
  linkType: hard

"argparse@npm:^1.0.7":
  version: 1.0.10
  resolution: "argparse@npm:1.0.10"
  dependencies:
    sprintf-js: "npm:~1.0.2"
  checksum: f0b382b138049618e7958f6345a52b33e673e7ca6baa7c4efa758938a4b586e40467cc198a8b3fda9a8f627078fb46bfe5933fc507d5a07a75d2145e706466d3
  languageName: node
  linkType: hard

"balanced-match@npm:^1.0.0":
  version: 1.0.0
  resolution: "balanced-match@npm:1.0.0"
  checksum: 6a1a4021cc9cb35182852582ed42470041430842bbc9d3dfad9536fca203281e4bc6316a017a0b876df0acb8d0d83daa22d5c6483108869c0895582525af9f60
  languageName: node
  linkType: hard

"brace-expansion@npm:^1.1.7":
  version: 1.1.11
  resolution: "brace-expansion@npm:1.1.11"
  dependencies:
    balanced-match: "npm:^1.0.0"
    concat-map: "npm:0.0.1"
  checksum: 6bf044764309bad6d15c6eabc39e93701643b00192439251afe8b4e0c08f941b840f3c8844b163fc307111459121712fb74e40073ddffb0358f8a640f14ba7b1
  languageName: node
  linkType: hard

"caching-transform@npm:^4.0.0":
  version: 4.0.0
  resolution: "caching-transform@npm:4.0.0"
  dependencies:
    hasha: "npm:^5.0.0"
    make-dir: "npm:^3.0.0"
    package-hash: "npm:^4.0.0"
    write-file-atomic: "npm:^3.0.0"
  checksum: 94dfc029893af7fde605c69e9b71e980bbd55d2a95b88b9f7b84094be9a3e3db2f15782b5817c14d86d801fede868fb79c4537abf6028e890e3c626e833bbd1a
  languageName: node
  linkType: hard

"camelcase@npm:^5.0.0, camelcase@npm:^5.3.1":
  version: 5.3.1
  resolution: "camelcase@npm:5.3.1"
  checksum: 58f271afe62d5396a5a2d28cbbeb3520732763d3c005e295225d48a58408d44575bf92475cd828f597790725f1be43aa08e623b65bdffb5619f16fb402773bb6
  languageName: node
  linkType: hard

"chalk@npm:^2.0.0":
  version: 2.4.2
  resolution: "chalk@npm:2.4.2"
  dependencies:
    ansi-styles: "npm:^3.2.1"
    escape-string-regexp: "npm:^1.0.5"
    supports-color: "npm:^5.3.0"
  checksum: 06d1d94779a0e08fe03ef15676ae30e973d7269017d3b1e6d06a3bb81e70a3a6b0c26d5743e94b4dfc21a852884306759b8b8c4fe98d72204ed678413beb21f3
  languageName: node
  linkType: hard

"clean-stack@npm:^2.0.0":
  version: 2.2.0
  resolution: "clean-stack@npm:2.2.0"
  checksum: 6085ff775699df927b49980c0e2b330a42d342f51e2f5bfb9f47e89b6644263cf43ef2c8d5ffbcd17edc1c4703c47c5b065a2aa44f39cd43b52e8d253cdb9d2e
  languageName: node
  linkType: hard

"cliui@npm:^5.0.0":
  version: 5.0.0
  resolution: "cliui@npm:5.0.0"
  dependencies:
    string-width: "npm:^3.1.0"
    strip-ansi: "npm:^5.2.0"
    wrap-ansi: "npm:^5.1.0"
  checksum: 53f2f93ae1e7958e85737535759ad05b5b558b21d596c778b7c3728c8bab4ded78938553cf57a8d808b2ea9d0b62009ba2dfadd5ee79c8c08025241a34ce130d
  languageName: node
  linkType: hard

"color-convert@npm:^1.9.0":
  version: 1.9.3
  resolution: "color-convert@npm:1.9.3"
  dependencies:
    color-name: "npm:1.1.3"
  checksum: 3162a5f034dea55c0ebb3a152e1b8cdf926a9bbada4f6c5eefd7b750810edc019dade72285f669d738cfb07375e17ba2171d22475ab85652b8b7dcf1cf0cc6f1
  languageName: node
  linkType: hard

"color-name@npm:1.1.3":
  version: 1.1.3
  resolution: "color-name@npm:1.1.3"
  checksum: ad6a0e4beb3232906aeba6213234071ca26f463ac748feb897725cbd0f420a0e71962f9627566afc4716e63455f88a35641342302b8d130402cbbea8f6bf8e1e
  languageName: node
  linkType: hard

"commander@npm:~2.20.3":
  version: 2.20.3
  resolution: "commander@npm:2.20.3"
  checksum: eae98d97c0a3a59096be01418e7d882978bbc0c9b8921db75e9907a738dd764ecca833950a883fa1a81d9149e7492bc65af0adaef17f5b112558c176089062bd
  languageName: node
  linkType: hard

"commondir@npm:^1.0.1":
  version: 1.0.1
  resolution: "commondir@npm:1.0.1"
  checksum: ef8d933c6b9f2e186e947ad54b016093f4c0a86c65da9bf175c597106368031437d71cac4d4e1da1fdd47f935b356c593bd341876940a401e3f1db364f7d9e74
  languageName: node
  linkType: hard

"concat-map@npm:0.0.1":
  version: 0.0.1
  resolution: "concat-map@npm:0.0.1"
  checksum: b295d07d6ac4f0e3fe511fce7ac74c5f6583e67bace249c32c6b2baa44b2c6220c7c177c9e44954485f37b7e7ec6a6a231447b62137d0fb56b44a7e871ac33e3
  languageName: node
  linkType: hard

"convert-source-map@npm:^1.6.0":
  version: 1.6.0
  resolution: "convert-source-map@npm:1.6.0"
  dependencies:
    safe-buffer: "npm:~5.1.1"
  checksum: d718417705b67a715e5ee3f29bc5df27f00abede7647d51c487007f447c1d0348cc9c5cc4c4a78b0cc2552d06280dd684864d0ef277abdb80e627cac7c53a6f7
  languageName: node
  linkType: hard

"cp-file@npm:^7.0.0":
  version: 7.0.0
  resolution: "cp-file@npm:7.0.0"
  dependencies:
    graceful-fs: "npm:^4.1.2"
    make-dir: "npm:^3.0.0"
    nested-error-stacks: "npm:^2.0.0"
    p-event: "npm:^4.1.0"
  checksum: 2d44eb545675e9ce3bf11e95504b93dacf27d0b087f8e1a3341c2509eb330adee30feb03ccda71c4047a4962b902986f0b7d2bfd3cae0e4c905d8c036e767c9f
  languageName: node
  linkType: hard

"cross-spawn@npm:^7.0.0":
  version: 7.0.1
  resolution: "cross-spawn@npm:7.0.1"
  dependencies:
    path-key: "npm:^3.1.0"
    shebang-command: "npm:^2.0.0"
    which: "npm:^2.0.1"
  checksum: 63d23ab6119e61fd9fc1c008b7e03bd59282962978dc3bd83f227203c35007bbfe83cd329b1a50393e5f655c2de1236eab59c2a715977ae7784d596f1b119540
  languageName: node
  linkType: hard

"debug@npm:^4.1.0, debug@npm:^4.1.1":
  version: 4.1.1
  resolution: "debug@npm:4.1.1"
  dependencies:
    ms: "npm:^2.1.1"
  checksum: e3bfa1544ced80ac5764aa313530150af442e5ce53f91090f00e3aff33a8b535ce60a7502d1451b3cbc2b9cd6994b3a08a38fbd3ff7a2ec801ad79d8b457b8e8
  languageName: node
  linkType: hard

"decamelize@npm:^1.2.0":
  version: 1.2.0
  resolution: "decamelize@npm:1.2.0"
  checksum: b4f9874e4777db39289cfe0d34d079df9531b10b50290ec8443e342faa840abbd1e7003ea0d735e03ea143d0bb34151afcb3711e7bc02fdcf19fe002683699ba
  languageName: node
  linkType: hard

"default-require-extensions@npm:^3.0.0":
  version: 3.0.0
  resolution: "default-require-extensions@npm:3.0.0"
  dependencies:
    strip-bom: "npm:^4.0.0"
  checksum: a46b19e1b2cb428931334adf09e2cfc056f41e3ea2b83118fd877e0f4adf590f06fee630ee26ef437441d37ad6e2fde49fdfdbb472b55406399fd1a525c12ad4
  languageName: node
  linkType: hard

"emoji-regex@npm:^7.0.1":
  version: 7.0.3
  resolution: "emoji-regex@npm:7.0.3"
  checksum: b0fd6fa82f291d60c4841e9ca6812a55ce44ceb8540e42a7641a989f4d8fa0d879de7033eaadbb725d92b9163e97a41fea657498dcf4ca97ea6d70df107ce9c0
  languageName: node
  linkType: hard

"es6-error@npm:^4.0.1":
  version: 4.1.1
  resolution: "es6-error@npm:4.1.1"
  checksum: 4d2a1afc99a948623b161a07533ede42698cdcc1932a4d055ddeb749180ca5cf62bb973cecd09f761c5045cd4b335cc7516da0c29863a2b133d0111e6bb392c9
  languageName: node
  linkType: hard

"escape-string-regexp@npm:^1.0.5":
  version: 1.0.5
  resolution: "escape-string-regexp@npm:1.0.5"
  checksum: 31da9adff9694f7b63c0542462267656e1d4dcac66a91551781d1ad2554d6641685ff812acc717cd467676af57be458a466d34b086e900354b38dde8724c8046
  languageName: node
  linkType: hard

"esprima@npm:^4.0.0":
  version: 4.0.1
  resolution: "esprima@npm:4.0.1"
  bin:
    esparse: ./bin/esparse.js
    esvalidate: ./bin/esvalidate.js
  checksum: a9bec67e9a3dfccc29a2d54c65a3210129668b3eeae7fe296145bc564c963c4d1d7be101dd13fbe65000414ac07f35bd2f85ac9d3254016e5a2f3aa13d18caf1
  languageName: node
  linkType: hard

"esutils@npm:^2.0.2":
  version: 2.0.3
  resolution: "esutils@npm:2.0.3"
  checksum: 03ee97b57d062884ec31397f1d771ad999b56abd56d1fff56b29f8c61ccabde47adb36e3eaa357318de085252fda2cbc8f82c60fd07b2fd02e2e1c6c3e689052
  languageName: node
  linkType: hard

"find-cache-dir@npm:^3.0.0":
  version: 3.0.0
  resolution: "find-cache-dir@npm:3.0.0"
  dependencies:
    commondir: "npm:^1.0.1"
    make-dir: "npm:^3.0.0"
    pkg-dir: "npm:^4.1.0"
  checksum: 39365df4dc4907c1091db03d16eaa007e1ecaf491934386234dc3f722a26440d24c351dd729d33f505bcd8b559684a879999207737a16a5bcbe6997d968e8521
  languageName: node
  linkType: hard

"find-up@npm:^3.0.0":
  version: 3.0.0
  resolution: "find-up@npm:3.0.0"
  dependencies:
    locate-path: "npm:^3.0.0"
  checksum: a58b85fac6dd65a13f873a2313d955b8d520396122a8b0bc4a5010eb5d6f71036222169b9fa9914d2a62360f6b9943c5c6e0dbf1139d8130230b33785e7b86c2
  languageName: node
  linkType: hard

"find-up@npm:^4.0.0, find-up@npm:^4.1.0":
  version: 4.1.0
  resolution: "find-up@npm:4.1.0"
  dependencies:
    locate-path: "npm:^5.0.0"
    path-exists: "npm:^4.0.0"
  checksum: 5dc0fb61547dfbf3d0b1434b33d8185d965e2a9b8d189de6c29c86382d2cc2bd450f0d6094a862f34b2c9dbf8163e40a78fe03fd6b2d6bdc300d3da3393fc6fa
  languageName: node
  linkType: hard

"foreground-child@npm:^2.0.0":
  version: 2.0.0
  resolution: "foreground-child@npm:2.0.0"
  dependencies:
    cross-spawn: "npm:^7.0.0"
    signal-exit: "npm:^3.0.2"
  checksum: 56541bd173f3ee4d1bdd04d1b5aa2a8741c69f6484993f26cf7bc212ab7d8e03630456d8008f449701fade01ca0cb287c835cf7f32c0f91127dfba0dec9fdb60
  languageName: node
  linkType: hard

"fs.realpath@npm:^1.0.0":
  version: 1.0.0
  resolution: "fs.realpath@npm:1.0.0"
  checksum: 7838256cafb93ee7a40754e7fdcae9c6e57b12528e22ae51a10bc6161ad6a647931dd99aa95ddf3a4ce8501766f78e57a56ed010043dddf8dddb4ad5af616acb
  languageName: node
  linkType: hard

"get-caller-file@npm:^2.0.1":
  version: 2.0.5
  resolution: "get-caller-file@npm:2.0.5"
  checksum: 34fbf61ee9adc7504115743a19829427885d5d5713bd31c86f3a5839362925e3b579d61cf3e30250fad9ed16d02d957d8dfc0a13f7111f5b1f763d35c6f0a1a8
  languageName: node
  linkType: hard

"glob@npm:^7.1.3, glob@npm:^7.1.4":
  version: 7.1.4
  resolution: "glob@npm:7.1.4"
  dependencies:
    fs.realpath: "npm:^1.0.0"
    inflight: "npm:^1.0.4"
    inherits: "npm:2"
    minimatch: "npm:^3.0.4"
    once: "npm:^1.3.0"
    path-is-absolute: "npm:^1.0.0"
  checksum: c36b34c04efa6db9b8031c4e36c98d191464b36b860559fce3f28bf0cf0f7a2a2adfd350427a95b44e5d80011cbbf5301a7ad058fb65fdc338f368cbf0ed4679
  languageName: node
  linkType: hard

"globals@npm:^11.1.0":
  version: 11.12.0
  resolution: "globals@npm:11.12.0"
  checksum: 39e096e838b7a62f864aa523c0bbdcdc835958f3fca657784e067470ef7cf98678b621838d1e0822bb901ab99b52db440051f8ac5c9d5f7136955bf074005abb
  languageName: node
  linkType: hard

"graceful-fs@npm:^4.1.15, graceful-fs@npm:^4.1.2":
  version: 4.2.2
  resolution: "graceful-fs@npm:4.2.2"
  checksum: de2df6a1e730b8fb063994fbc552e61b2c42bcf48eff7e64ecbbb12f79ea8d4107e2d46f36a582bbdf9620196f7c6477ae4cdc162b071e3bd31484500b74e227
  languageName: node
  linkType: hard

"handlebars@npm:^4.4.2":
  version: 4.4.3
  resolution: "handlebars@npm:4.4.3"
  dependencies:
    neo-async: "npm:^2.6.0"
    optimist: "npm:^0.6.1"
    source-map: "npm:^0.6.1"
    uglify-js: "npm:^3.1.4"
  dependenciesMeta:
    uglify-js:
      optional: true
  bin:
    handlebars: bin/handlebars
  checksum: b1034c7526ef969f1c198ac552767a60751a574cb9d49ab8155e099749fc5f4797070aac1ff1674d15e1d57deb04c47287dda61ce482d07db1eb05370fd5da27
  languageName: node
  linkType: hard

"has-flag@npm:^3.0.0":
  version: 3.0.0
  resolution: "has-flag@npm:3.0.0"
  checksum: c69624d2a38d77d4d715b40932cd55635426d75c7c0e72a609a67b4d251905517ca6d1ff6f69ee3b0cfa95a39b31e25af9e3fe04f46b092699ea5f26371d14ab
  languageName: node
  linkType: hard

"has-flag@npm:^4.0.0":
  version: 4.0.0
  resolution: "has-flag@npm:4.0.0"
  checksum: 8c9a32ef47dfc77c5caf80a0e33a2d921414006ce954047d2274a8774e07cd916f2dd546aed7d89017504cb3fe66248dabb64f9c5bd893520cdd4c81e95d1198
  languageName: node
  linkType: hard

"hasha@npm:^5.0.0":
  version: 5.1.0
  resolution: "hasha@npm:5.1.0"
  dependencies:
    is-stream: "npm:^2.0.0"
    type-fest: "npm:^0.8.0"
  checksum: c7eebf845c558e89da68ba81cc89ce45f4063a0851a21f9cfe0af7af166ad0e295db309c2773867e98416ede0a9551bfbb44b0d661f8a2e4f2600486eb0e9760
  languageName: node
  linkType: hard

"imurmurhash@npm:^0.1.4":
  version: 0.1.4
  resolution: "imurmurhash@npm:0.1.4"
  checksum: 7c698a208c922ba8b65ee6deb61295bed1a3303615795963ed080d87db3f24ac415cf738fabc0233f7d1f414ba4fc0de7affb20263dfd2484f0706cff4201933
  languageName: node
  linkType: hard

"indent-string@npm:^4.0.0":
  version: 4.0.0
  resolution: "indent-string@npm:4.0.0"
  checksum: 3376048288301f6c5f7dcfe82b3afcdfcc2d67f89aae1918980fe4850fa839e407cfe83ae263569ac50279081958f544e9cff42b654bc7743f6adc8acb01951f
  languageName: node
  linkType: hard

"inflight@npm:^1.0.4":
  version: 1.0.6
  resolution: "inflight@npm:1.0.6"
  dependencies:
    once: "npm:^1.3.0"
    wrappy: "npm:1"
  checksum: 4ae4f2a43120647487d1650aaecd81044692397040d46d38257c349f142889be56ffb23f599c09dadc4287baeb4f3381e304e7eef111d7c7fec00def06111c4c
  languageName: node
  linkType: hard

"inherits@npm:2":
  version: 2.0.4
  resolution: "inherits@npm:2.0.4"
  checksum: d11734fde3095ce63e83a4be33779c8597b0c95edec3efcadf9a78a9312a520028e25acb2d126656005791550f9f2e17de3ea6abeb026fa24627401e5e174d6c
  languageName: node
  linkType: hard

"is-fullwidth-code-point@npm:^2.0.0":
  version: 2.0.0
  resolution: "is-fullwidth-code-point@npm:2.0.0"
  checksum: ab96662efbb49a1e33dd59bdf1451e913c69bf407daae26e2ad6f64458bcbb1b5d5a91b1d95c690540da00f7183e53d7a0b81b9d494073e85e7bd75410a6f358
  languageName: node
  linkType: hard

"is-stream@npm:^2.0.0":
  version: 2.0.0
  resolution: "is-stream@npm:2.0.0"
  checksum: ebcbbbbecc4b86c383e9f8e261d0efc8924e44dc5bd2962d78f49775ac9af2fa317eaf207814c1e553940b244ff0c58f9720e9d3c62a82bf114836a5bb6f50b9
  languageName: node
  linkType: hard

"is-typedarray@npm:^1.0.0":
  version: 1.0.0
  resolution: "is-typedarray@npm:1.0.0"
  checksum: 781a95df2e18eaa0ddf4cd1ea0aa1b81cbfc9139d19f551cfc90db4d1a555c3d3f907ac8194ed312512c3b87b160fecb5bf453d2226e54d5e63c3757523a05e5
  languageName: node
  linkType: hard

"is-windows@npm:^1.0.2":
  version: 1.0.2
  resolution: "is-windows@npm:1.0.2"
  checksum: 28e1a475546dbfe580b09f86a88536467b2dd81bf10b51d8b87f486acae83b66d95782483dab794e9884b9abb5a35d4191f4baf472dc0754e01dcabf37257d7f
  languageName: node
  linkType: hard

"isexe@npm:^2.0.0":
  version: 2.0.0
  resolution: "isexe@npm:2.0.0"
  checksum: 1f6f7ccf6206a544097e27f04018fbd4fdb45d71eadac305d4b60cc18668d35c970d3c0bfadc4b348dd603d5536496a5634dd5f64792ea5e745c62cbc0ce9730
  languageName: node
  linkType: hard

"istanbul-lib-coverage@npm:^3.0.0-alpha.1":
  version: 3.0.0-alpha.1
  resolution: "istanbul-lib-coverage@npm:3.0.0-alpha.1"
  checksum: 8ac2b9a96824ed0c504d8933f37febdc778fa05a21677c23ab2f42facb8c898a418001a9ba6dc3efdb3429f3deaaf3c381fe9b7dfea75da2c6571833b0b8e212
  languageName: node
  linkType: hard

"istanbul-lib-hook@npm:^3.0.0-alpha.1":
  version: 3.0.0-alpha.1
  resolution: "istanbul-lib-hook@npm:3.0.0-alpha.1"
  dependencies:
    append-transform: "npm:^2.0.0"
  checksum: 8800444a326d6c1bf262711a5d81686ca5753eeee38b2673096d1143df6ddd6cdbe5e3a6372f1e3a3e1e790da035d258a2e21fe44bd02f80d0c4621008884f49
  languageName: node
  linkType: hard

"istanbul-lib-instrument@npm:^4.0.0-alpha.1":
  version: 4.0.0-alpha.1
  resolution: "istanbul-lib-instrument@npm:4.0.0-alpha.1"
  dependencies:
    "@babel/generator": "npm:^7.6.2"
    "@babel/parser": "npm:^7.6.2"
    "@babel/template": "npm:^7.6.0"
    "@babel/traverse": "npm:^7.6.2"
    "@babel/types": "npm:^7.6.1"
    "@istanbuljs/schema": "npm:^0.1.0"
    istanbul-lib-coverage: "npm:^3.0.0-alpha.1"
    semver: "npm:^6.3.0"
  checksum: a3d594017d026c955538e8c80870690721ecd3b6855685ffd0472562bd8dc290c230e69522b5c05f5aeff56c67d0832403eafe6991f8618635181e5f7d9acc46
  languageName: node
  linkType: hard

"istanbul-lib-processinfo@npm:^2.0.2":
  version: 2.0.2
  resolution: "istanbul-lib-processinfo@npm:2.0.2"
  dependencies:
    archy: "npm:^1.0.0"
    cross-spawn: "npm:^7.0.0"
    istanbul-lib-coverage: "npm:^3.0.0-alpha.1"
    make-dir: "npm:^3.0.0"
    p-map: "npm:^3.0.0"
    rimraf: "npm:^3.0.0"
    uuid: "npm:^3.3.3"
  checksum: 911d92e8694b850dbee05aac2a5397572452c48620efd134483a8d858cf7c4e2f16cf1a44d92e0af3978a04d725e86c6cc02acb66960a91cc2a4551c8ac88a57
  languageName: node
  linkType: hard

"istanbul-lib-report@npm:^3.0.0-alpha.1":
  version: 3.0.0-alpha.1
  resolution: "istanbul-lib-report@npm:3.0.0-alpha.1"
  dependencies:
    istanbul-lib-coverage: "npm:^3.0.0-alpha.1"
    make-dir: "npm:^3.0.0"
    supports-color: "npm:^7.1.0"
  checksum: 5f4a48157e2d69de415cffc2567b27bbc764332d45ba1d097c32fa72ca4c277cd38ef85f91c83990bd19f5a0258cd1873082cc67effca6279214203f6e844273
  languageName: node
  linkType: hard

"istanbul-lib-source-maps@npm:^4.0.0-alpha.2":
  version: 4.0.0-alpha.2
  resolution: "istanbul-lib-source-maps@npm:4.0.0-alpha.2"
  dependencies:
    debug: "npm:^4.1.1"
    istanbul-lib-coverage: "npm:^3.0.0-alpha.1"
    source-map: "npm:^0.6.1"
  checksum: 47191f3cde42e434e73db8eac65735de1f2c19dcb4492b2946d39072f66bb9803b3bcb8f058a02506ccc55fcc81a76db7dcea2706e765e6afddd1df26cabdb6e
  languageName: node
  linkType: hard

"istanbul-reports@npm:^3.0.0-alpha.3":
  version: 3.0.0-alpha.3
  resolution: "istanbul-reports@npm:3.0.0-alpha.3"
  dependencies:
    handlebars: "npm:^4.4.2"
    istanbul-lib-report: "npm:^3.0.0-alpha.1"
  checksum: 15b33768793e025a3bfd244ad4673e125ab0cbb498dd9fc942c8b1ca2dce4c1a3490b3ef41bb01792f0167e305a45d6daeea92eae4152c5c65e3a12327570ddb
  languageName: node
  linkType: hard

"js-tokens@npm:^4.0.0":
  version: 4.0.0
  resolution: "js-tokens@npm:4.0.0"
  checksum: b6b6b65a47500e55103e5ed962133b9c999dd14f00c49494b109e0379482d030ae0db629b870af4f9023991b21a3055749653fb836736f9c2a76046399e8d84a
  languageName: node
  linkType: hard

"js-yaml@npm:^3.13.1":
  version: 3.13.1
  resolution: "js-yaml@npm:3.13.1"
  dependencies:
    argparse: "npm:^1.0.7"
    esprima: "npm:^4.0.0"
  bin:
    js-yaml: bin/js-yaml.js
  checksum: 4860a95f2baf230cda4bb5f3fc06e7bb504324f75732c683d625cfeb987686b40bb68ad838960ad6e39d152e790d75dba380c31032757968c75a1eeecdec8b63
  languageName: node
  linkType: hard

"jsesc@npm:^2.5.1":
  version: 2.5.2
  resolution: "jsesc@npm:2.5.2"
  bin:
    jsesc: bin/jsesc
  checksum: 31b1e167e4a82a088ac3d20f85470213c1479ad38fca09716c09ffdc4cfb04f977f715b15e7c5dfd6191d9414699beffb076a3d80c347eed320808b8a9fe390a
  languageName: node
  linkType: hard

"locate-path@npm:^3.0.0":
  version: 3.0.0
  resolution: "locate-path@npm:3.0.0"
  dependencies:
    p-locate: "npm:^3.0.0"
    path-exists: "npm:^3.0.0"
  checksum: 4f89906f2841b7a2f49842958ac794bb928623dadd07fb857ad63f55afc0133aed754f1d059d881265bd4ca2f6ff89ff77889c290212029f0bc5611a6f1a3dfb
  languageName: node
  linkType: hard

"locate-path@npm:^5.0.0":
  version: 5.0.0
  resolution: "locate-path@npm:5.0.0"
  dependencies:
    p-locate: "npm:^4.1.0"
  checksum: e83014b8ff0ce5046a88748a04abe2340bcc858f1ab5df98b52c47f6e58d4abc10de0abff47964961991e255c316ef71c4271707b5f6b2afc203ca6fe3945b00
  languageName: node
  linkType: hard

"lodash.flattendeep@npm:^4.4.0":
  version: 4.4.0
  resolution: "lodash.flattendeep@npm:4.4.0"
  checksum: 9c66290baea5929bd3f9169af4226a56186107eda2a5951f7e599aec6482a0f19d696c884d71c0185c846198ce5db442bb5933b657c690efa47a5b2f262c00f1
  languageName: node
  linkType: hard

"lodash@npm:^4.17.13":
  version: 4.17.15
  resolution: "lodash@npm:4.17.15"
  checksum: b018ec8d4c95f14a4b57005a247eca1bc25639322939471a1958d3bc721b4f18e90edb6ea564854593a8bc1f94956a0352cf0cd372991b98c42d61c0cd11e5a3
  languageName: node
  linkType: hard

"make-dir@npm:^3.0.0":
  version: 3.0.0
  resolution: "make-dir@npm:3.0.0"
  dependencies:
    semver: "npm:^6.0.0"
  checksum: 089579ddb85ede1affe2b172ed9dc4fde1a22b5135f63f0da47e983a00f743472efefa1d19c06eee515e1c9b9f81a86f9a89c9e334129a3e22a55bb799ebc0f0
  languageName: node
  linkType: hard

"merge-source-map@npm:^1.1.0":
  version: 1.1.0
  resolution: "merge-source-map@npm:1.1.0"
  dependencies:
    source-map: "npm:^0.6.1"
  checksum: b16848a70a9e5efe0b4376db1e5100e16ede22018eb1554e6a9de0a2825f8a4b39fc5f8f1bc62696bc65699e7554eebbfc419f290dc4019fdb7cfe547f7deaf5
  languageName: node
  linkType: hard

"minimatch@npm:^3.0.4":
  version: 3.0.4
  resolution: "minimatch@npm:3.0.4"
  dependencies:
    brace-expansion: "npm:^1.1.7"
  checksum: c32249a40b1dbbb8d836495877d91874fcf6ce9c287409c41bcb3efe5ad67e21512a459a4ae3ce9b32e1df376c1cde14cbe9fe3ba17f703c2b253993577f4ccf
  languageName: node
  linkType: hard

"minimist@npm:~0.0.1":
  version: 0.0.10
  resolution: "minimist@npm:0.0.10"
  checksum: b8ee0d628f1fc9d669309ac0b2153167dd3e7733c450cf0dbd9c6ec00d07ef32f8150e5e7462ffe607a2a974981a00c67c82077d836168afb929d96d57d36186
  languageName: node
  linkType: hard

"ms@npm:^2.1.1":
  version: 2.1.2
  resolution: "ms@npm:2.1.2"
  checksum: 2a3d955e5199024d4b18630ff47c21b52703a5e892615ae233486b8108f26b5493736009754263eebae765ab79d6e20327dad6e52d7843b689d404245e286549
  languageName: node
  linkType: hard

"neo-async@npm:^2.6.0":
  version: 2.6.1
  resolution: "neo-async@npm:2.6.1"
  checksum: fd6f29140b9bd6b96e047602245dae330ab8dd6da27346c360395105432abb8684d1a2bd4dd71a6265039eef33ca9f651c2c271858ead19237a01e123670ca8d
  languageName: node
  linkType: hard

"nested-error-stacks@npm:^2.0.0":
  version: 2.1.0
  resolution: "nested-error-stacks@npm:2.1.0"
  checksum: 65bb1d95d16a14aaf759a7207b311f44de228294cb47afef95174c5db066cba95a7195a757acd74968f0907357752dac026a471989d2314c946a0f687301b5a7
  languageName: node
  linkType: hard

"node-preload@git://github.com/cfware/node-preload#yarnpnp":
  version: 0.1.3
  resolution: "node-preload@git://github.com/cfware/node-preload#commit:da9f5d1079a1b1d3c12904f8e72ad3be8fc8aa2f"
  checksum: 8a7f57379c1f83397d71dae67e8a037e3e5f5b86750e420a9ebf9d05831293f2e77fd7b2e30f4baf9bca4b525ad3aeb9d6c1fcbd525d9a83c5dbeafa5c6e1814
  languageName: node
  linkType: hard

"nyc@git://github.com/coreyfarrell/nyc#yarnpnp":
  version: 14.1.1
  resolution: "nyc@git://github.com/coreyfarrell/nyc#commit:cd81f0a9cd0153c9ede14257dbdad8581267b82c"
  dependencies:
    "@istanbuljs/load-nyc-config": "npm:^1.0.0-alpha.1"
    "@istanbuljs/schema": "npm:^0.1.1"
    caching-transform: "npm:^4.0.0"
    convert-source-map: "npm:^1.6.0"
    cp-file: "npm:^7.0.0"
    decamelize: "npm:^1.2.0"
    find-cache-dir: "npm:^3.0.0"
    find-up: "npm:^4.1.0"
    foreground-child: "npm:^2.0.0"
    glob: "npm:^7.1.4"
    istanbul-lib-coverage: "npm:^3.0.0-alpha.1"
    istanbul-lib-hook: "npm:^3.0.0-alpha.1"
    istanbul-lib-instrument: "npm:^4.0.0-alpha.1"
    istanbul-lib-processinfo: "npm:^2.0.2"
    istanbul-lib-report: "npm:^3.0.0-alpha.1"
    istanbul-lib-source-maps: "npm:^4.0.0-alpha.2"
    istanbul-reports: "npm:^3.0.0-alpha.3"
    js-yaml: "npm:^3.13.1"
    make-dir: "npm:^3.0.0"
    merge-source-map: "npm:^1.1.0"
    node-preload: "git://github.com/cfware/node-preload#yarnpnp"
    p-map: "npm:^3.0.0"
    resolve-from: "npm:^5.0.0"
    rimraf: "npm:^3.0.0"
    signal-exit: "npm:^3.0.2"
    spawn-wrap: "npm:^2.0.0-beta.0"
    test-exclude: "npm:^6.0.0-alpha.1"
    uuid: "npm:^3.3.3"
    yargs: "npm:^14.2.0"
    yargs-parser: "npm:^15.0.0"
  bin:
    nyc: ./bin/nyc.js
  checksum: 33e1a7d3136c85de9fb0c9f2801bb744855f20123c6d4d4772851577f18bbca8cab4e732f8506fbd313df56367b528088e6feb461af759640d26e261f5e3a019
  languageName: node
  linkType: hard

"object-assign@npm:^4.1.1":
  version: 4.1.1
  resolution: "object-assign@npm:4.1.1"
  checksum: 8a281400d57a8880141ceb4335061b17e2d21405b2d5909e3fd71948d6b10f366c65d71a62aac27a0e45754a5e467bcc3f6ff78f26a929948d751b582b46d14e
  languageName: node
  linkType: hard

"once@npm:^1.3.0":
  version: 1.4.0
  resolution: "once@npm:1.4.0"
  dependencies:
    wrappy: "npm:1"
  checksum: 47a04404e9aa3a209a7e536b199780fe75aba04df0a035b221285f2f703d0ab58286ffb402ff7cb5a3b894d0e86685eb4fc2766ce7a19555c14221437f248c03
  languageName: node
  linkType: hard

"optimist@npm:^0.6.1":
  version: 0.6.1
  resolution: "optimist@npm:0.6.1"
  dependencies:
    minimist: "npm:~0.0.1"
    wordwrap: "npm:~0.0.2"
  checksum: 977347fe2694653cb099fb74a08ff4dafffc7fc9d2400c1b35473fea6ca5436d83070317d09960b8c7fb0cb8ea1c6f2539185fc49797e80156cb7fa74f5b74a0
  languageName: node
  linkType: hard

"p-event@npm:^4.1.0":
  version: 4.1.0
  resolution: "p-event@npm:4.1.0"
  dependencies:
    p-timeout: "npm:^2.0.1"
  checksum: a42fb5688916463045d13345dbd53338ae88a4b9de0c68741d73c67d37616d1fa712e00c0c8feb72dc5c8ba51cd59734791e88f9a14abce50a8c1cfe9b7e669a
  languageName: node
  linkType: hard

"p-finally@npm:^1.0.0":
  version: 1.0.0
  resolution: "p-finally@npm:1.0.0"
  checksum: fe1770b0c3a3d21013a4b1754458bfdca7c145c65adb4a8d19892c2376d2daf195c572aef07c0a7753b3c552a47d3310193462c95b5eb4ff6e0397d889078c3f
  languageName: node
  linkType: hard

"p-limit@npm:^2.0.0, p-limit@npm:^2.2.0":
  version: 2.2.1
  resolution: "p-limit@npm:2.2.1"
  dependencies:
    p-try: "npm:^2.0.0"
  checksum: e5260c9fc533cda82a7ec2b63d64dc56bdc2c236f494972e2b62f4aee1e932a08d2ddf9a7672abe8fa355edab1dc22cd369cc485dd4695163a0296078b994f8a
  languageName: node
  linkType: hard

"p-locate@npm:^3.0.0":
  version: 3.0.0
  resolution: "p-locate@npm:3.0.0"
  dependencies:
    p-limit: "npm:^2.0.0"
  checksum: 79303104cac5fad06fc1c30057e1cf14c805180cf82be6efb8b15942079bd3cddb5768ab14b1f19a13be28c1a8491f6a7cd4335f3993078dec4b6aa0888dc7a6
  languageName: node
  linkType: hard

"p-locate@npm:^4.1.0":
  version: 4.1.0
  resolution: "p-locate@npm:4.1.0"
  dependencies:
    p-limit: "npm:^2.2.0"
  checksum: eed19482049fc083c37d7030dd05e9af5b8885f647219953a7fd36c3fba0da317b35aed3d2ec40ffce20a1396e93713156335c24c9f2e42a7e4989cc5fe41468
  languageName: node
  linkType: hard

"p-map@npm:^3.0.0":
  version: 3.0.0
  resolution: "p-map@npm:3.0.0"
  dependencies:
    aggregate-error: "npm:^3.0.0"
  checksum: 2ebcd9a447f0fcaeb9984f823060c351d9faaec7589e13c684ba7a0b8a7041a907391f540cf4e23eec2a29bce71b4a59a5dfe1adb35c242d69fa8474b0b30c2a
  languageName: node
  linkType: hard

"p-timeout@npm:^2.0.1":
  version: 2.0.1
  resolution: "p-timeout@npm:2.0.1"
  dependencies:
    p-finally: "npm:^1.0.0"
  checksum: 8f72154ab2345e6edcd8d9ffdb45e497d7270e5026bcb8b644889eb251920110ca5f75f569a03594601fa2c6de9dfed2b68b76f7ac07eedebc732c4fe8f17f74
  languageName: node
  linkType: hard

"p-try@npm:^2.0.0":
  version: 2.2.0
  resolution: "p-try@npm:2.2.0"
  checksum: e7dceba546bcab1c72a4c1c8af45c7017e93dcafc4bdd9bd7e78d3b155a7e74cd0ec5277f2039cbc0d538050de1cfa52e8a157a3a741c0a6de870e0f5b03da33
  languageName: node
  linkType: hard

"package-hash@npm:^4.0.0":
  version: 4.0.0
  resolution: "package-hash@npm:4.0.0"
  dependencies:
    graceful-fs: "npm:^4.1.15"
    hasha: "npm:^5.0.0"
    lodash.flattendeep: "npm:^4.4.0"
    release-zalgo: "npm:^1.0.0"
  checksum: ad13aafa05dbd9d3a99f6bc995008a71d7cacc860cbad0f864a835bb5b9d2440e63d1c44a81e5507aeb3caef4ab8c847b48c17d38a2f39fd65b06c0a25dcbb08
  languageName: node
  linkType: hard

"path-exists@npm:^3.0.0":
  version: 3.0.0
  resolution: "path-exists@npm:3.0.0"
  checksum: b04837ffc484dbe6edde02ee4e00daa4dbc01eaa7da7aae23b643021072a519fa99b3acd225936934f27455abef5b139974f0813ce6b293821f79aaefa5babbb
  languageName: node
  linkType: hard

"path-exists@npm:^4.0.0":
  version: 4.0.0
  resolution: "path-exists@npm:4.0.0"
  checksum: ff4ff199da8d9ea52a203b87b134c0ae3719420aee3c0779df23f8712e91792a56b26edbe6ae81c480ab0fd23f81f59c312f80732f7122ffcdb354490c75c6fb
  languageName: node
  linkType: hard

"path-is-absolute@npm:^1.0.0":
  version: 1.0.1
  resolution: "path-is-absolute@npm:1.0.1"
  checksum: 0e197d7cfa28209bce077b65646e21beb9a9980cc2b57efa4a4bf3b3331ec003f823bfec0948326264a2cbc57645a666cf911eb5d949d627d9e788280cccaa07
  languageName: node
  linkType: hard

"path-key@npm:^3.1.0":
  version: 3.1.0
  resolution: "path-key@npm:3.1.0"
  checksum: 5ca8c83ee44ce9f93dc230a3faa2afa496cf4badd1547d08507dc6ad62cb3da8180bc39c7e0bcc94ee9db72d4549b9bfdd0559e857ddc15f5f984c8ab0665cbd
  languageName: node
  linkType: hard

"pkg-dir@npm:^4.1.0":
  version: 4.2.0
  resolution: "pkg-dir@npm:4.2.0"
  dependencies:
    find-up: "npm:^4.0.0"
  checksum: 8624e767df2d75d5783026d02e81054f12e8c4d659ae00e409414fc8d975ac09dc433a8c32d7a5c0a29fe03df944aaa3df2d0bc5c434a74794ee2f24b00bf7ce
  languageName: node
  linkType: hard

"pnp-test@workspace:.":
  version: 0.0.0-use.local
  resolution: "pnp-test@workspace:."
  dependencies:
    nyc: "git://github.com/coreyfarrell/nyc#yarnpnp"
    object-assign: "npm:^4.1.1"
  languageName: unknown
  linkType: soft

"release-zalgo@npm:^1.0.0":
  version: 1.0.0
  resolution: "release-zalgo@npm:1.0.0"
  dependencies:
    es6-error: "npm:^4.0.1"
  checksum: 260678f7bba790856035fd84443637da48ba55d3661e7b9eb020f55a461d82fd1c983c39e956896cd1ed5d3c24c76ffa735fa0cafe859c34768953f8cda62424
  languageName: node
  linkType: hard

"require-directory@npm:^2.1.1":
  version: 2.1.1
  resolution: "require-directory@npm:2.1.1"
  checksum: 7af7d1bd006a28164bdc6f774be413700bdbd817c9c96857fe6018f8ae804b8faef040ca77dfba9606d08b5ef1c623516aaa677d43c754a2810a3a83deef9ee7
  languageName: node
  linkType: hard

"require-main-filename@npm:^2.0.0":
  version: 2.0.0
  resolution: "require-main-filename@npm:2.0.0"
  checksum: 6c4488028860b4769145fdb61eaa2a666cd65da1d8bb38bed7eced5a0a6da44f16d3324a0fe17b444cb3832201d0f08186d4e5b7f568b836124287356b19068a
  languageName: node
  linkType: hard

"resolve-from@npm:^5.0.0":
  version: 5.0.0
  resolution: "resolve-from@npm:5.0.0"
  checksum: 05d21710106faaa80b9cd7f92e3a1f3a03e3856511105eada4de21b6ba755d8447b247057d2325a342f5ae2503dfff092d3108a02fc4980dd60eff12d6311f4c
  languageName: node
  linkType: hard

"rimraf@npm:^3.0.0":
  version: 3.0.0
  resolution: "rimraf@npm:3.0.0"
  dependencies:
    glob: "npm:^7.1.3"
  bin:
    rimraf: ./bin.js
  checksum: 52b17e319f8efd5c428a5a9a47337821d862719feedad08f817a0cb2f69ddcfb657a1a660b8b821af86ed32448f58800e1cae9f3557dfacd3e51d7a545574871
  languageName: node
  linkType: hard

"safe-buffer@npm:~5.1.1":
  version: 5.1.2
  resolution: "safe-buffer@npm:5.1.2"
  checksum: 55f6e9116b875a5459a13fd1949d90ed6932f1c6fef70460896abcdf666852cb2119a12435ebbe823416ec49bc3fa5716ff2cc0dd36b9512631148e5113c145e
  languageName: node
  linkType: hard

"semver@npm:^6.0.0, semver@npm:^6.3.0":
  version: 6.3.0
  resolution: "semver@npm:6.3.0"
  bin:
    semver: ./bin/semver.js
  checksum: a6207299968942b97da5b31d6499c4152c21157bbbfb35bf9efa308382d1de101b6c5beb481fb77c6ac680854fe9c083062fec6d72ab2a964636b77dd55e1746
  languageName: node
  linkType: hard

"set-blocking@npm:^2.0.0":
  version: 2.0.0
  resolution: "set-blocking@npm:2.0.0"
  checksum: f8215d87051e3ace26fef38cefcaed923a20de15bda373ddcc6d1e8cc9f32d27aade1824847e2a4188261005f20fba05485b76f6e1b39d9d099ad1a50e677181
  languageName: node
  linkType: hard

"shebang-command@npm:^2.0.0":
  version: 2.0.0
  resolution: "shebang-command@npm:2.0.0"
  dependencies:
    shebang-regex: "npm:^3.0.0"
  checksum: 5437785e820d8b773354d4c8f3fa025a05f48ac24ed6c7a211419dadf485d8819caed717e1cffd97340cb8918f88e7b3658da2b750d04eb4983cdcf29c448844
  languageName: node
  linkType: hard

"shebang-regex@npm:^3.0.0":
  version: 3.0.0
  resolution: "shebang-regex@npm:3.0.0"
  checksum: 236bf0fe778807ea55e15179b0abfbd14c4a2990ddaf9abcdd7b9e8b3638eac803ddbdd66c5f6c87bb916f81a8d2d22d093588b59a5d4c0fb67bd33bd1fe6a3b
  languageName: node
  linkType: hard

"signal-exit@npm:^3.0.2":
  version: 3.0.2
  resolution: "signal-exit@npm:3.0.2"
  checksum: b3d9a5567188a680bdb67fb996c2ffe49dfb1db5295d4e55e34ce77ca8e7a9f3f81672b71279fed5dcb2057afd133a5a7d5bd4de4652a8714c668460900f183c
  languageName: node
  linkType: hard

"source-map@npm:^0.5.0":
  version: 0.5.7
  resolution: "source-map@npm:0.5.7"
  checksum: 692efad3884fd7ff69fb1087fce61e3bdb14d21458a391cf856c3ddd01fece42dd8be6677042589733a50d783eecc3821769cb08986efb0d2d15cc8aaa2f911d
  languageName: node
  linkType: hard

"source-map@npm:^0.6.1, source-map@npm:~0.6.1":
  version: 0.6.1
  resolution: "source-map@npm:0.6.1"
  checksum: fa17f30e37dfa8d8065fc98e8c51ae80d7050055f90dbd40e8644269bda04707386180c4c43af7104a29af56109663e994ccbc2cf766af01e915285c7f93cc40
  languageName: node
  linkType: hard

"spawn-wrap@npm:^2.0.0-beta.0":
  version: 2.0.0-beta.0
  resolution: "spawn-wrap@npm:2.0.0-beta.0"
  dependencies:
    foreground-child: "npm:^2.0.0"
    is-windows: "npm:^1.0.2"
    make-dir: "npm:^3.0.0"
    rimraf: "npm:^3.0.0"
    signal-exit: "npm:^3.0.2"
    which: "npm:^2.0.1"
  checksum: a9d0247a1edcb473d233d8b4145536cc9b25cb40cfb6a6901c33bd1a46b620c3211b67bf89972d79e98ae0fed9c715bda1af8c500a4885a324dff08d314f8e31
  languageName: node
  linkType: hard

"sprintf-js@npm:~1.0.2":
  version: 1.0.3
  resolution: "sprintf-js@npm:1.0.3"
  checksum: 17cbfc6bf2a82ae6548e3b0b4d3d65b09961cde328feb978b823b22da8a9243477ef3ffe96b64e56d3b333d49aaad0feb55580e27c78a40bc092caf139ff048e
  languageName: node
  linkType: hard

"string-width@npm:^3.0.0, string-width@npm:^3.1.0":
  version: 3.1.0
  resolution: "string-width@npm:3.1.0"
  dependencies:
    emoji-regex: "npm:^7.0.1"
    is-fullwidth-code-point: "npm:^2.0.0"
    strip-ansi: "npm:^5.1.0"
  checksum: c280f89bae289bd686f095e71c9ecbc97eef2dfacc973c7ed3ce094f51ff44db38cbb0794435e5cfab09c5a395cb21c9422d0c9ce7f07ad12ed61d886f325b02
  languageName: node
  linkType: hard

"strip-ansi@npm:^5.0.0, strip-ansi@npm:^5.1.0, strip-ansi@npm:^5.2.0":
  version: 5.2.0
  resolution: "strip-ansi@npm:5.2.0"
  dependencies:
    ansi-regex: "npm:^4.1.0"
  checksum: 3c00f49debb52a94a878e3d585a3f166d76f27fb415e3bcc1d5257f4694dc418ddec4b15f9fb4122cce095f836d1d7b23e3dc4b5b4fa0a4a2d9a34f370fbf4f7
  languageName: node
  linkType: hard

"strip-bom@npm:^4.0.0":
  version: 4.0.0
  resolution: "strip-bom@npm:4.0.0"
  checksum: 03c8a65693c747ab0a5f8ce9c9ecab926cd5b1e3ab3619082ffffb761b2564ce6451ad724e78352721698f0ec93454f8c72a6573b1db2ecdb1f37f26789286fa
  languageName: node
  linkType: hard

"supports-color@npm:^5.3.0":
  version: 5.5.0
  resolution: "supports-color@npm:5.5.0"
  dependencies:
    has-flag: "npm:^3.0.0"
  checksum: a67b9f6071d9b1aa9f7744292580af0ad2210e379534f7e2ab31d3248de5efc8a3555655827bf524f18043f6301061fbe59e13d2e8a9bc11cde4ec885ad3d86c
  languageName: node
  linkType: hard

"supports-color@npm:^7.1.0":
  version: 7.1.0
  resolution: "supports-color@npm:7.1.0"
  dependencies:
    has-flag: "npm:^4.0.0"
  checksum: 932a1d07cd46dc7c5b189e18bf9cba4484cc331a23befbfdffe908576b67d83f5e9313cca093cdc72f807b50f89edb60d8b1befd42db4718e2b7c704a289da66
  languageName: node
  linkType: hard

"test-exclude@npm:^6.0.0-alpha.1":
  version: 6.0.0-alpha.1
  resolution: "test-exclude@npm:6.0.0-alpha.1"
  dependencies:
    glob: "npm:^7.1.4"
    minimatch: "npm:^3.0.4"
  checksum: fa1ee11c27535d9182f8dede003ad3304f2fe1b2355ca2c2a0191f4b32d445922d05c121abc30497b230345b6034167d6a9c4641e7227e3e17f794430c2c01ba
  languageName: node
  linkType: hard

"to-fast-properties@npm:^2.0.0":
  version: 2.0.0
  resolution: "to-fast-properties@npm:2.0.0"
  checksum: 0ff0bd3e27356443836aa12dba66fea6469563ca42fccb7f74b54d2e41743b2a3c36ae92a0a98178d039dafe1ac6faca87e7ed398514c3511142b7c450d7e9e7
  languageName: node
  linkType: hard

"type-fest@npm:^0.8.0":
  version: 0.8.1
  resolution: "type-fest@npm:0.8.1"
  checksum: d67d906ab1412f4b0eb273913325d6e9a055a57a525f0a52a581bd2b09f1354e0864e7769819427d7b06de383e01b47e27138f5360900db396adc077f7c6bfff
  languageName: node
  linkType: hard

"typedarray-to-buffer@npm:^3.1.5":
  version: 3.1.5
  resolution: "typedarray-to-buffer@npm:3.1.5"
  dependencies:
    is-typedarray: "npm:^1.0.0"
  checksum: 94cb14cb8a487b53eece229b630a9349286f4b8bfcdea5b2330f66790ec25a2b24da30312d0e219ac6ce18b45a1287e880dff86d4a160cbc3ae11025a02634d4
  languageName: node
  linkType: hard

"uglify-js@npm:^3.1.4":
  version: 3.6.3
  resolution: "uglify-js@npm:3.6.3"
  dependencies:
    commander: "npm:~2.20.3"
    source-map: "npm:~0.6.1"
  bin:
    uglifyjs: bin/uglifyjs
  checksum: f1d2a203643a62217e09048c950c06b65aa54510241ec5148f8ced22f70fe04cb8c30de278274f75ceb31b6bd3336a7e766567f39c7637ddea08eabef99ae352
  languageName: node
  linkType: hard

"uuid@npm:^3.3.3":
  version: 3.3.3
  resolution: "uuid@npm:3.3.3"
  bin:
    uuid: ./bin/uuid
  checksum: 227cb611f439c53ac67a509cdc77b2c0da2a0d68145a6d98bb30da392c137f34b7484f49bb15c85b99f46398afe37275d42331bb83ec721300076c6fdde05136
  languageName: node
  linkType: hard

"which-module@npm:^2.0.0":
  version: 2.0.0
  resolution: "which-module@npm:2.0.0"
  checksum: 1f90d98b64a16da8cc614ae7373df97973ded10ae3b0ef3fe6e9a836f6a46dad77d99b6148791fd4191d45a42a7481fc952414650a896494d2d04448e568e905
  languageName: node
  linkType: hard

"which@npm:^2.0.1":
  version: 2.0.1
  resolution: "which@npm:2.0.1"
  dependencies:
    isexe: "npm:^2.0.0"
  bin:
    which: ./bin/which
  checksum: 492f8d8b6078742b3fd32305718fdf7438dca0838149aae65cbedb5c7eb61b2583acb6e13371225e87834e1ca9250b8426ee08250fd8cd606fce6db8569c8e6a
  languageName: node
  linkType: hard

"wordwrap@npm:~0.0.2":
  version: 0.0.3
  resolution: "wordwrap@npm:0.0.3"
  checksum: 23e585299f6268d7e876917e02472227a1edbbb0e473f26aa9b502b20affadfa9c4958ce7d0b1cefea429b3369dc6112883e98baf09a0fc003ff692ff5b9dbd4
  languageName: node
  linkType: hard

"wrap-ansi@npm:^5.1.0":
  version: 5.1.0
  resolution: "wrap-ansi@npm:5.1.0"
  dependencies:
    ansi-styles: "npm:^3.2.0"
    string-width: "npm:^3.0.0"
    strip-ansi: "npm:^5.0.0"
  checksum: a0065345184fa1eee0f846fb682d46ee38ffa3c24affe38e76cb30efa6b2684b8278ce010934966cbe044f2e332ee4d68c296bf64bd1060660a46f609ed6fa67
  languageName: node
  linkType: hard

"wrappy@npm:1":
  version: 1.0.2
  resolution: "wrappy@npm:1.0.2"
  checksum: 0796da084f06bced2351fed9686a7211f4a4b774a7a3b64c7ead1b3bef162b1721f2a1d3fb1268bf2e848c9d743eca189c2a243159a1512d5dfab4b0d4dd60b5
  languageName: node
  linkType: hard

"write-file-atomic@npm:^3.0.0":
  version: 3.0.1
  resolution: "write-file-atomic@npm:3.0.1"
  dependencies:
    imurmurhash: "npm:^0.1.4"
    is-typedarray: "npm:^1.0.0"
    signal-exit: "npm:^3.0.2"
    typedarray-to-buffer: "npm:^3.1.5"
  checksum: 7a0e3bdc0d61bbd7bfb3ac1c2371cc3ebad0c9f6950ab72b304e09585fc0b5640f4ff7695a22a91cb72f2966655c4700cb09b04aa37870e334ef2a9d9917483c
  languageName: node
  linkType: hard

"y18n@npm:^4.0.0":
  version: 4.0.0
  resolution: "y18n@npm:4.0.0"
  checksum: f3fcafde11e668d66a061d4cdb49243a2cac83012193666941728d6e8002e2022c22c3ac318123b2ff84d8c99ff4c0b0764e2ac6dfd8c8df3488305724387f78
  languageName: node
  linkType: hard

"yargs-parser@npm:^15.0.0":
  version: 15.0.0
  resolution: "yargs-parser@npm:15.0.0"
  dependencies:
    camelcase: "npm:^5.0.0"
    decamelize: "npm:^1.2.0"
  checksum: b7bdb4fb8eb9d0fad017a1857dd549d5f63918cca929dbd00558ee5bfa20d16e7830f26ec3f901232ca6d1f910cc31f1ebfebd629f14bf730346630b67591363
  languageName: node
  linkType: hard

"yargs@npm:^14.2.0":
  version: 14.2.0
  resolution: "yargs@npm:14.2.0"
  dependencies:
    cliui: "npm:^5.0.0"
    decamelize: "npm:^1.2.0"
    find-up: "npm:^3.0.0"
    get-caller-file: "npm:^2.0.1"
    require-directory: "npm:^2.1.1"
    require-main-filename: "npm:^2.0.0"
    set-blocking: "npm:^2.0.0"
    string-width: "npm:^3.0.0"
    which-module: "npm:^2.0.0"
    y18n: "npm:^4.0.0"
    yargs-parser: "npm:^15.0.0"
  checksum: dde701d8d880b6706b446e49fce76a52e719ef745018ce57e63d3ce4c3a16d88494220e45782160e06ec2741221198614276d32d91d5641a613519e41e112bd6
  languageName: node
  linkType: hard
